
Microsoft Visual Studio Solution File, Format Version 12.00
# Visual Studio Version 17
VisualStudioVersion = 17.12.35527.113 d17.12
MinimumVisualStudioVersion = 10.0.40219.1
Project("{FAE04EC0-301F-11D3-BF4B-00C04F79EFBC}") = "13-1 Assignment", "13-1 Assignment.csproj", "{14538E9A-C69A-4D4B-884E-74D2F83C063F}"
EndProject
Global
	GlobalSection(SolutionConfigurationPlatforms) = preSolution
		Debug|Any CPU = Debug|Any CPU
		Release|Any CPU = Release|Any CPU
	EndGlobalSection
	GlobalSection(ProjectConfigurationPlatforms) = postSolution
		{14538E9A-C69A-4D4B-884E-74D2F83C063F}.Debug|Any CPU.ActiveCfg = Debug|Any CPU
		{14538E9A-C69A-4D4B-884E-74D2F83C063F}.Debug|Any CPU.Build.0 = Debug|Any CPU
		{14538E9A-C69A-4D4B-884E-74D2F83C063F}.Release|Any CPU.ActiveCfg = Release|Any CPU
		{14538E9A-C69A-4D4B-884E-74D2F83C063F}.Release|Any CPU.Build.0 = Release|Any CPU
	EndGlobalSection
	GlobalSection(SolutionProperties) = preSolution
		HideSolutionNode = FALSE
	EndGlobalSection
EndGlobal
