
Microsoft Visual Studio Solution File, Format Version 12.00
# Visual Studio Version 17
VisualStudioVersion = 17.13.35931.197
MinimumVisualStudioVersion = 10.0.40219.1
Project("{FAE04EC0-301F-11D3-BF4B-00C04F79EFBC}") = "OrderAPI", "OrderAPI\OrderAPI.csproj", "{F85BA332-8667-4935-A816-5E83A3ABDE81}"
EndProject
Project("{FAE04EC0-301F-11D3-BF4B-00C04F79EFBC}") = "Entities", "Entities\Entities.csproj", "{C652FA2A-BB4F-4A69-A6B4-1BC6C5124751}"
EndProject
Project("{FAE04EC0-301F-11D3-BF4B-00C04F79EFBC}") = "Repositories", "Repositories\Repositories.csproj", "{F15631BF-8AF2-4964-BA5C-DD62E76AB17E}"
EndProject
Project("{FAE04EC0-301F-11D3-BF4B-00C04F79EFBC}") = "RepositoryContracts", "RepositoryContracts\RepositoryContracts.csproj", "{2D9591A0-162D-48E8-BFFC-47CE0386D453}"
EndProject
Project("{FAE04EC0-301F-11D3-BF4B-00C04F79EFBC}") = "Services", "Services\Services.csproj", "{116FBE5B-D1D5-4AC7-9516-002B3504314B}"
EndProject
Project("{FAE04EC0-301F-11D3-BF4B-00C04F79EFBC}") = "ServiceContracts", "ServiceContracts\ServiceContracts.csproj", "{320FCCA0-38C0-4919-BEDA-B6FEBD8C0DB1}"
EndProject
Global
	GlobalSection(SolutionConfigurationPlatforms) = preSolution
		Debug|Any CPU = Debug|Any CPU
		Release|Any CPU = Release|Any CPU
	EndGlobalSection
	GlobalSection(ProjectConfigurationPlatforms) = postSolution
		{F85BA332-8667-4935-A816-5E83A3ABDE81}.Debug|Any CPU.ActiveCfg = Debug|Any CPU
		{F85BA332-8667-4935-A816-5E83A3ABDE81}.Debug|Any CPU.Build.0 = Debug|Any CPU
		{F85BA332-8667-4935-A816-5E83A3ABDE81}.Release|Any CPU.ActiveCfg = Release|Any CPU
		{F85BA332-8667-4935-A816-5E83A3ABDE81}.Release|Any CPU.Build.0 = Release|Any CPU
		{C652FA2A-BB4F-4A69-A6B4-1BC6C5124751}.Debug|Any CPU.ActiveCfg = Debug|Any CPU
		{C652FA2A-BB4F-4A69-A6B4-1BC6C5124751}.Debug|Any CPU.Build.0 = Debug|Any CPU
		{C652FA2A-BB4F-4A69-A6B4-1BC6C5124751}.Release|Any CPU.ActiveCfg = Release|Any CPU
		{C652FA2A-BB4F-4A69-A6B4-1BC6C5124751}.Release|Any CPU.Build.0 = Release|Any CPU
		{F15631BF-8AF2-4964-BA5C-DD62E76AB17E}.Debug|Any CPU.ActiveCfg = Debug|Any CPU
		{F15631BF-8AF2-4964-BA5C-DD62E76AB17E}.Debug|Any CPU.Build.0 = Debug|Any CPU
		{F15631BF-8AF2-4964-BA5C-DD62E76AB17E}.Release|Any CPU.ActiveCfg = Release|Any CPU
		{F15631BF-8AF2-4964-BA5C-DD62E76AB17E}.Release|Any CPU.Build.0 = Release|Any CPU
		{2D9591A0-162D-48E8-BFFC-47CE0386D453}.Debug|Any CPU.ActiveCfg = Debug|Any CPU
		{2D9591A0-162D-48E8-BFFC-47CE0386D453}.Debug|Any CPU.Build.0 = Debug|Any CPU
		{2D9591A0-162D-48E8-BFFC-47CE0386D453}.Release|Any CPU.ActiveCfg = Release|Any CPU
		{2D9591A0-162D-48E8-BFFC-47CE0386D453}.Release|Any CPU.Build.0 = Release|Any CPU
		{116FBE5B-D1D5-4AC7-9516-002B3504314B}.Debug|Any CPU.ActiveCfg = Debug|Any CPU
		{116FBE5B-D1D5-4AC7-9516-002B3504314B}.Debug|Any CPU.Build.0 = Debug|Any CPU
		{116FBE5B-D1D5-4AC7-9516-002B3504314B}.Release|Any CPU.ActiveCfg = Release|Any CPU
		{116FBE5B-D1D5-4AC7-9516-002B3504314B}.Release|Any CPU.Build.0 = Release|Any CPU
		{320FCCA0-38C0-4919-BEDA-B6FEBD8C0DB1}.Debug|Any CPU.ActiveCfg = Debug|Any CPU
		{320FCCA0-38C0-4919-BEDA-B6FEBD8C0DB1}.Debug|Any CPU.Build.0 = Debug|Any CPU
		{320FCCA0-38C0-4919-BEDA-B6FEBD8C0DB1}.Release|Any CPU.ActiveCfg = Release|Any CPU
		{320FCCA0-38C0-4919-BEDA-B6FEBD8C0DB1}.Release|Any CPU.Build.0 = Release|Any CPU
	EndGlobalSection
	GlobalSection(SolutionProperties) = preSolution
		HideSolutionNode = FALSE
	EndGlobalSection
	GlobalSection(ExtensibilityGlobals) = postSolution
		SolutionGuid = {98BEC4E5-F434-4F5D-B58A-D7F983DC795F}
	EndGlobalSection
EndGlobal
